
Microsoft Visual Studio Solution File, Format Version 12.00
# Visual Studio Version 16
VisualStudioVersion = 16.0.31205.134
MinimumVisualStudioVersion = 10.0.40219.1
Project("{FAE04EC0-301F-11D3-BF4B-00C04F79EFBC}") = "AnkiAPI", "AnkiAPI\AnkiAPI.csproj", "{DA660487-30C1-4DCA-9DD2-67A604FA584D}"
EndProject
Global
	GlobalSection(SolutionConfigurationPlatforms) = preSolution
		Debug|Any CPU = Debug|Any CPU
		Release|Any CPU = Release|Any CPU
	EndGlobalSection
	GlobalSection(ProjectConfigurationPlatforms) = postSolution
		{DA660487-30C1-4DCA-9DD2-67A604FA584D}.Debug|Any CPU.ActiveCfg = Debug|Any CPU
		{DA660487-30C1-4DCA-9DD2-67A604FA584D}.Debug|Any CPU.Build.0 = Debug|Any CPU
		{DA660487-30C1-4DCA-9DD2-67A604FA584D}.Release|Any CPU.ActiveCfg = Release|Any CPU
		{DA660487-30C1-4DCA-9DD2-67A604FA584D}.Release|Any CPU.Build.0 = Release|Any CPU
	EndGlobalSection
	GlobalSection(SolutionProperties) = preSolution
		HideSolutionNode = FALSE
	EndGlobalSection
	GlobalSection(ExtensibilityGlobals) = postSolution
		SolutionGuid = {6CD07B2E-22EB-487E-988C-F8F374E1F1ED}
	EndGlobalSection
EndGlobal
